
Microsoft Visual Studio Solution File, Format Version 12.00
# Visual Studio Version 16
VisualStudioVersion = 16.0.31702.278
MinimumVisualStudioVersion = 10.0.40219.1
Project("{FAE04EC0-301F-11D3-BF4B-00C04F79EFBC}") = "Publisher", "Publisher\Publisher.csproj", "{0EAB5358-B472-41AF-80D5-01C6015E32A6}"
EndProject
Global
	GlobalSection(SolutionConfigurationPlatforms) = preSolution
		Debug|Any CPU = Debug|Any CPU
		Release|Any CPU = Release|Any CPU
	EndGlobalSection
	GlobalSection(ProjectConfigurationPlatforms) = postSolution
		{0EAB5358-B472-41AF-80D5-01C6015E32A6}.Debug|Any CPU.ActiveCfg = Debug|Any CPU
		{0EAB5358-B472-41AF-80D5-01C6015E32A6}.Debug|Any CPU.Build.0 = Debug|Any CPU
		{0EAB5358-B472-41AF-80D5-01C6015E32A6}.Release|Any CPU.ActiveCfg = Release|Any CPU
		{0EAB5358-B472-41AF-80D5-01C6015E32A6}.Release|Any CPU.Build.0 = Release|Any CPU
	EndGlobalSection
	GlobalSection(SolutionProperties) = preSolution
		HideSolutionNode = FALSE
	EndGlobalSection
	GlobalSection(ExtensibilityGlobals) = postSolution
		SolutionGuid = {0C6779C6-7C8C-4C0C-A2A1-044F978959FC}
	EndGlobalSection
EndGlobal
